
Microsoft Visual Studio Solution File, Format Version 12.00
# Visual Studio Version 17
VisualStudioVersion = 17.12.35527.113 d17.12
MinimumVisualStudioVersion = 10.0.40219.1
Project("{FAE04EC0-301F-11D3-BF4B-00C04F79EFBC}") = "Assignment5Solution", "Assignment5Solution\Assignment5Solution.csproj", "{453756EE-23AD-4BAF-B1B5-BC548B8BAC23}"
EndProject
Project("{FAE04EC0-301F-11D3-BF4B-00C04F79EFBC}") = "Demo", "Demo\Demo.csproj", "{B5C97D98-3F85-4101-9218-F5838D678252}"
EndProject
Global
	GlobalSection(SolutionConfigurationPlatforms) = preSolution
		Debug|Any CPU = Debug|Any CPU
		Release|Any CPU = Release|Any CPU
	EndGlobalSection
	GlobalSection(ProjectConfigurationPlatforms) = postSolution
		{453756EE-23AD-4BAF-B1B5-BC548B8BAC23}.Debug|Any CPU.ActiveCfg = Debug|Any CPU
		{453756EE-23AD-4BAF-B1B5-BC548B8BAC23}.Debug|Any CPU.Build.0 = Debug|Any CPU
		{453756EE-23AD-4BAF-B1B5-BC548B8BAC23}.Release|Any CPU.ActiveCfg = Release|Any CPU
		{453756EE-23AD-4BAF-B1B5-BC548B8BAC23}.Release|Any CPU.Build.0 = Release|Any CPU
		{B5C97D98-3F85-4101-9218-F5838D678252}.Debug|Any CPU.ActiveCfg = Debug|Any CPU
		{B5C97D98-3F85-4101-9218-F5838D678252}.Debug|Any CPU.Build.0 = Debug|Any CPU
		{B5C97D98-3F85-4101-9218-F5838D678252}.Release|Any CPU.ActiveCfg = Release|Any CPU
		{B5C97D98-3F85-4101-9218-F5838D678252}.Release|Any CPU.Build.0 = Release|Any CPU
	EndGlobalSection
	GlobalSection(SolutionProperties) = preSolution
		HideSolutionNode = FALSE
	EndGlobalSection
EndGlobal
